
Microsoft Visual Studio Solution File, Format Version 12.00
# Visual Studio 15
VisualStudioVersion = 15.0.28010.2036
MinimumVisualStudioVersion = 10.0.40219.1
Project("{FAE04EC0-301F-11D3-BF4B-00C04F79EFBC}") = "p01. Fractional Knapsack", "Greedy Algorithms - Exercise\p01. Fractional Knapsack.csproj", "{587AFA4B-8E10-42B6-867F-BCFD53B4E465}"
EndProject
Project("{FAE04EC0-301F-11D3-BF4B-00C04F79EFBC}") = "p02. Processor Scheduling", "p02. Processor Scheduling\p02. Processor Scheduling.csproj", "{4B7E6EEF-BC24-4D56-B7C7-B4925329D4E2}"
EndProject
Project("{FAE04EC0-301F-11D3-BF4B-00C04F79EFBC}") = "p03. Knight's Tour", "p03. Knight's Tour\p03. Knight's Tour.csproj", "{DC28EF2D-19CD-4D47-9AF7-5AC94F3F9687}"
EndProject
Project("{FAE04EC0-301F-11D3-BF4B-00C04F79EFBC}") = "p04. Best Lectures Schedule", "p04. Best Lectures Schedule\p04. Best Lectures Schedule.csproj", "{997A50E0-AD78-45A9-96CE-73B40C92F86D}"
EndProject
Project("{FAE04EC0-301F-11D3-BF4B-00C04F79EFBC}") = "p05. Egyptian Fractions", "p05. Egyptian Fractions\p05. Egyptian Fractions.csproj", "{7A3F3E6C-AE8D-4E8C-991B-18A17D3F1B04}"
EndProject
Global
	GlobalSection(SolutionConfigurationPlatforms) = preSolution
		Debug|Any CPU = Debug|Any CPU
		Release|Any CPU = Release|Any CPU
	EndGlobalSection
	GlobalSection(ProjectConfigurationPlatforms) = postSolution
		{587AFA4B-8E10-42B6-867F-BCFD53B4E465}.Debug|Any CPU.ActiveCfg = Debug|Any CPU
		{587AFA4B-8E10-42B6-867F-BCFD53B4E465}.Debug|Any CPU.Build.0 = Debug|Any CPU
		{587AFA4B-8E10-42B6-867F-BCFD53B4E465}.Release|Any CPU.ActiveCfg = Release|Any CPU
		{587AFA4B-8E10-42B6-867F-BCFD53B4E465}.Release|Any CPU.Build.0 = Release|Any CPU
		{4B7E6EEF-BC24-4D56-B7C7-B4925329D4E2}.Debug|Any CPU.ActiveCfg = Debug|Any CPU
		{4B7E6EEF-BC24-4D56-B7C7-B4925329D4E2}.Debug|Any CPU.Build.0 = Debug|Any CPU
		{4B7E6EEF-BC24-4D56-B7C7-B4925329D4E2}.Release|Any CPU.ActiveCfg = Release|Any CPU
		{4B7E6EEF-BC24-4D56-B7C7-B4925329D4E2}.Release|Any CPU.Build.0 = Release|Any CPU
		{DC28EF2D-19CD-4D47-9AF7-5AC94F3F9687}.Debug|Any CPU.ActiveCfg = Debug|Any CPU
		{DC28EF2D-19CD-4D47-9AF7-5AC94F3F9687}.Debug|Any CPU.Build.0 = Debug|Any CPU
		{DC28EF2D-19CD-4D47-9AF7-5AC94F3F9687}.Release|Any CPU.ActiveCfg = Release|Any CPU
		{DC28EF2D-19CD-4D47-9AF7-5AC94F3F9687}.Release|Any CPU.Build.0 = Release|Any CPU
		{997A50E0-AD78-45A9-96CE-73B40C92F86D}.Debug|Any CPU.ActiveCfg = Debug|Any CPU
		{997A50E0-AD78-45A9-96CE-73B40C92F86D}.Debug|Any CPU.Build.0 = Debug|Any CPU
		{997A50E0-AD78-45A9-96CE-73B40C92F86D}.Release|Any CPU.ActiveCfg = Release|Any CPU
		{997A50E0-AD78-45A9-96CE-73B40C92F86D}.Release|Any CPU.Build.0 = Release|Any CPU
		{7A3F3E6C-AE8D-4E8C-991B-18A17D3F1B04}.Debug|Any CPU.ActiveCfg = Debug|Any CPU
		{7A3F3E6C-AE8D-4E8C-991B-18A17D3F1B04}.Debug|Any CPU.Build.0 = Debug|Any CPU
		{7A3F3E6C-AE8D-4E8C-991B-18A17D3F1B04}.Release|Any CPU.ActiveCfg = Release|Any CPU
		{7A3F3E6C-AE8D-4E8C-991B-18A17D3F1B04}.Release|Any CPU.Build.0 = Release|Any CPU
	EndGlobalSection
	GlobalSection(SolutionProperties) = preSolution
		HideSolutionNode = FALSE
	EndGlobalSection
	GlobalSection(ExtensibilityGlobals) = postSolution
		SolutionGuid = {A6BF5321-EA80-4333-B404-D6E7ACBB43A1}
	EndGlobalSection
EndGlobal
