
Microsoft Visual Studio Solution File, Format Version 12.00
# Visual Studio 15
VisualStudioVersion = 15.0.28010.2036
MinimumVisualStudioVersion = 10.0.40219.1
Project("{FAE04EC0-301F-11D3-BF4B-00C04F79EFBC}") = "p01. Permutations without Repetition", "Combinatorial Algoritms\p01. Permutations without Repetition.csproj", "{5156DAE0-E7B9-4D72-B0E6-C227EF928185}"
EndProject
Project("{FAE04EC0-301F-11D3-BF4B-00C04F79EFBC}") = "p02. Permutations with Repetition", "p02. Permutations with Repetition\p02. Permutations with Repetition.csproj", "{7DDB05B6-1836-4221-89AE-A5B8688CFDA5}"
EndProject
Project("{FAE04EC0-301F-11D3-BF4B-00C04F79EFBC}") = "p03. Variations without Repetition", "p03. Variations without Repetition\p03. Variations without Repetition.csproj", "{1DEDA6B1-D5BB-48EB-BD1E-5BA8865801CB}"
EndProject
Project("{FAE04EC0-301F-11D3-BF4B-00C04F79EFBC}") = "p04. Variations with Repetition", "p04. Variations with Repetition\p04. Variations with Repetition.csproj", "{3A8369ED-4754-4BDB-A7FA-0AA6047C1859}"
EndProject
Project("{FAE04EC0-301F-11D3-BF4B-00C04F79EFBC}") = "p05. Combinations without Repetition", "p05. Combinations without Repetition\p05. Combinations without Repetition.csproj", "{0391CB19-3806-4E6C-8338-55B8D8D88E11}"
EndProject
Project("{FAE04EC0-301F-11D3-BF4B-00C04F79EFBC}") = "p06. Combinations with Repetition", "p06. Combinations with Repetition\p06. Combinations with Repetition.csproj", "{484CE704-2B6D-4B37-88C1-3E0D9474C29F}"
EndProject
Project("{FAE04EC0-301F-11D3-BF4B-00C04F79EFBC}") = "p07. N Choose K Count", "p07. N Choose K Count\p07. N Choose K Count.csproj", "{FC78D0B6-C69C-4C67-AFF7-AF2E7F4FFE6E}"
EndProject
Global
	GlobalSection(SolutionConfigurationPlatforms) = preSolution
		Debug|Any CPU = Debug|Any CPU
		Release|Any CPU = Release|Any CPU
	EndGlobalSection
	GlobalSection(ProjectConfigurationPlatforms) = postSolution
		{5156DAE0-E7B9-4D72-B0E6-C227EF928185}.Debug|Any CPU.ActiveCfg = Debug|Any CPU
		{5156DAE0-E7B9-4D72-B0E6-C227EF928185}.Debug|Any CPU.Build.0 = Debug|Any CPU
		{5156DAE0-E7B9-4D72-B0E6-C227EF928185}.Release|Any CPU.ActiveCfg = Release|Any CPU
		{5156DAE0-E7B9-4D72-B0E6-C227EF928185}.Release|Any CPU.Build.0 = Release|Any CPU
		{7DDB05B6-1836-4221-89AE-A5B8688CFDA5}.Debug|Any CPU.ActiveCfg = Debug|Any CPU
		{7DDB05B6-1836-4221-89AE-A5B8688CFDA5}.Debug|Any CPU.Build.0 = Debug|Any CPU
		{7DDB05B6-1836-4221-89AE-A5B8688CFDA5}.Release|Any CPU.ActiveCfg = Release|Any CPU
		{7DDB05B6-1836-4221-89AE-A5B8688CFDA5}.Release|Any CPU.Build.0 = Release|Any CPU
		{1DEDA6B1-D5BB-48EB-BD1E-5BA8865801CB}.Debug|Any CPU.ActiveCfg = Debug|Any CPU
		{1DEDA6B1-D5BB-48EB-BD1E-5BA8865801CB}.Debug|Any CPU.Build.0 = Debug|Any CPU
		{1DEDA6B1-D5BB-48EB-BD1E-5BA8865801CB}.Release|Any CPU.ActiveCfg = Release|Any CPU
		{1DEDA6B1-D5BB-48EB-BD1E-5BA8865801CB}.Release|Any CPU.Build.0 = Release|Any CPU
		{3A8369ED-4754-4BDB-A7FA-0AA6047C1859}.Debug|Any CPU.ActiveCfg = Debug|Any CPU
		{3A8369ED-4754-4BDB-A7FA-0AA6047C1859}.Debug|Any CPU.Build.0 = Debug|Any CPU
		{3A8369ED-4754-4BDB-A7FA-0AA6047C1859}.Release|Any CPU.ActiveCfg = Release|Any CPU
		{3A8369ED-4754-4BDB-A7FA-0AA6047C1859}.Release|Any CPU.Build.0 = Release|Any CPU
		{0391CB19-3806-4E6C-8338-55B8D8D88E11}.Debug|Any CPU.ActiveCfg = Debug|Any CPU
		{0391CB19-3806-4E6C-8338-55B8D8D88E11}.Debug|Any CPU.Build.0 = Debug|Any CPU
		{0391CB19-3806-4E6C-8338-55B8D8D88E11}.Release|Any CPU.ActiveCfg = Release|Any CPU
		{0391CB19-3806-4E6C-8338-55B8D8D88E11}.Release|Any CPU.Build.0 = Release|Any CPU
		{484CE704-2B6D-4B37-88C1-3E0D9474C29F}.Debug|Any CPU.ActiveCfg = Debug|Any CPU
		{484CE704-2B6D-4B37-88C1-3E0D9474C29F}.Debug|Any CPU.Build.0 = Debug|Any CPU
		{484CE704-2B6D-4B37-88C1-3E0D9474C29F}.Release|Any CPU.ActiveCfg = Release|Any CPU
		{484CE704-2B6D-4B37-88C1-3E0D9474C29F}.Release|Any CPU.Build.0 = Release|Any CPU
		{FC78D0B6-C69C-4C67-AFF7-AF2E7F4FFE6E}.Debug|Any CPU.ActiveCfg = Debug|Any CPU
		{FC78D0B6-C69C-4C67-AFF7-AF2E7F4FFE6E}.Debug|Any CPU.Build.0 = Debug|Any CPU
		{FC78D0B6-C69C-4C67-AFF7-AF2E7F4FFE6E}.Release|Any CPU.ActiveCfg = Release|Any CPU
		{FC78D0B6-C69C-4C67-AFF7-AF2E7F4FFE6E}.Release|Any CPU.Build.0 = Release|Any CPU
	EndGlobalSection
	GlobalSection(SolutionProperties) = preSolution
		HideSolutionNode = FALSE
	EndGlobalSection
	GlobalSection(ExtensibilityGlobals) = postSolution
		SolutionGuid = {E0951787-E961-4157-8666-8EB0F28811A4}
	EndGlobalSection
EndGlobal
