
Microsoft Visual Studio Solution File, Format Version 12.00
# Visual Studio 15
VisualStudioVersion = 15.0.28010.2036
MinimumVisualStudioVersion = 10.0.40219.1
Project("{FAE04EC0-301F-11D3-BF4B-00C04F79EFBC}") = "p01. Reverse Array", "Recursion\p01. Reverse Array.csproj", "{0F73F112-0E6A-478C-B655-160943D3A91D}"
EndProject
Project("{FAE04EC0-301F-11D3-BF4B-00C04F79EFBC}") = "p02. Nested Loops", "p02. Nested Loops\p02. Nested Loops.csproj", "{6E1B288D-7E6A-4E21-AAF8-8D1813B9C828}"
EndProject
Project("{FAE04EC0-301F-11D3-BF4B-00C04F79EFBC}") = "p03. Combinations with Repetition", "p03. Combinations with Repetition\p03. Combinations with Repetition.csproj", "{63EFAA63-CD8B-4DB0-91B3-E9CB201C1E39}"
EndProject
Project("{FAE04EC0-301F-11D3-BF4B-00C04F79EFBC}") = "p04. Towers of Hanoi", "p04. Towers of Hanoi\p04. Towers of Hanoi.csproj", "{57E5B7F2-26D4-49D4-BF36-F900B6FA474F}"
EndProject
Project("{FAE04EC0-301F-11D3-BF4B-00C04F79EFBC}") = "p05. Combinations without Repetition", "p05. Combinations without Repetition\p05. Combinations without Repetition.csproj", "{BF897F39-94DD-4470-AB2D-E81F467A07EE}"
EndProject
Global
	GlobalSection(SolutionConfigurationPlatforms) = preSolution
		Debug|Any CPU = Debug|Any CPU
		Release|Any CPU = Release|Any CPU
	EndGlobalSection
	GlobalSection(ProjectConfigurationPlatforms) = postSolution
		{0F73F112-0E6A-478C-B655-160943D3A91D}.Debug|Any CPU.ActiveCfg = Debug|Any CPU
		{0F73F112-0E6A-478C-B655-160943D3A91D}.Debug|Any CPU.Build.0 = Debug|Any CPU
		{0F73F112-0E6A-478C-B655-160943D3A91D}.Release|Any CPU.ActiveCfg = Release|Any CPU
		{0F73F112-0E6A-478C-B655-160943D3A91D}.Release|Any CPU.Build.0 = Release|Any CPU
		{6E1B288D-7E6A-4E21-AAF8-8D1813B9C828}.Debug|Any CPU.ActiveCfg = Debug|Any CPU
		{6E1B288D-7E6A-4E21-AAF8-8D1813B9C828}.Debug|Any CPU.Build.0 = Debug|Any CPU
		{6E1B288D-7E6A-4E21-AAF8-8D1813B9C828}.Release|Any CPU.ActiveCfg = Release|Any CPU
		{6E1B288D-7E6A-4E21-AAF8-8D1813B9C828}.Release|Any CPU.Build.0 = Release|Any CPU
		{63EFAA63-CD8B-4DB0-91B3-E9CB201C1E39}.Debug|Any CPU.ActiveCfg = Debug|Any CPU
		{63EFAA63-CD8B-4DB0-91B3-E9CB201C1E39}.Debug|Any CPU.Build.0 = Debug|Any CPU
		{63EFAA63-CD8B-4DB0-91B3-E9CB201C1E39}.Release|Any CPU.ActiveCfg = Release|Any CPU
		{63EFAA63-CD8B-4DB0-91B3-E9CB201C1E39}.Release|Any CPU.Build.0 = Release|Any CPU
		{57E5B7F2-26D4-49D4-BF36-F900B6FA474F}.Debug|Any CPU.ActiveCfg = Debug|Any CPU
		{57E5B7F2-26D4-49D4-BF36-F900B6FA474F}.Debug|Any CPU.Build.0 = Debug|Any CPU
		{57E5B7F2-26D4-49D4-BF36-F900B6FA474F}.Release|Any CPU.ActiveCfg = Release|Any CPU
		{57E5B7F2-26D4-49D4-BF36-F900B6FA474F}.Release|Any CPU.Build.0 = Release|Any CPU
		{BF897F39-94DD-4470-AB2D-E81F467A07EE}.Debug|Any CPU.ActiveCfg = Debug|Any CPU
		{BF897F39-94DD-4470-AB2D-E81F467A07EE}.Debug|Any CPU.Build.0 = Debug|Any CPU
		{BF897F39-94DD-4470-AB2D-E81F467A07EE}.Release|Any CPU.ActiveCfg = Release|Any CPU
		{BF897F39-94DD-4470-AB2D-E81F467A07EE}.Release|Any CPU.Build.0 = Release|Any CPU
	EndGlobalSection
	GlobalSection(SolutionProperties) = preSolution
		HideSolutionNode = FALSE
	EndGlobalSection
	GlobalSection(ExtensibilityGlobals) = postSolution
		SolutionGuid = {B3545C3B-4F22-4122-B070-6333BCB42CFB}
	EndGlobalSection
EndGlobal
