
Microsoft Visual Studio Solution File, Format Version 12.00
# Visual Studio 15
VisualStudioVersion = 15.0.28010.2036
MinimumVisualStudioVersion = 10.0.40219.1
Project("{FAE04EC0-301F-11D3-BF4B-00C04F79EFBC}") = "p01.RecursiveArraySum", "Recursion\p01.RecursiveArraySum.csproj", "{8B1CD1F9-A6BA-4F93-BDB6-E74033ADFA1B}"
EndProject
Project("{FAE04EC0-301F-11D3-BF4B-00C04F79EFBC}") = "p02.RecursiveFactorial", "p02.RecursiveFactorial\p02.RecursiveFactorial.csproj", "{715A2E11-4C6B-4B0A-B22B-DF8770E29CBC}"
EndProject
Project("{FAE04EC0-301F-11D3-BF4B-00C04F79EFBC}") = "p03. Recursive Drawing", "p03. Recursive Drawing\p03. Recursive Drawing.csproj", "{9157D6EA-B70D-4A38-865D-65C892636B50}"
EndProject
Project("{FAE04EC0-301F-11D3-BF4B-00C04F79EFBC}") = "p04. Generating 01 Vectors", "p04. Generating 01 Vectors\p04. Generating 01 Vectors.csproj", "{8575ADB1-92EC-4486-B7F5-62B3C903758C}"
EndProject
Project("{FAE04EC0-301F-11D3-BF4B-00C04F79EFBC}") = "p05. Generating Combinations", "p05. Generating Combinations\p05. Generating Combinations.csproj", "{21DB7973-00D2-4639-8A57-0807B498F6B9}"
EndProject
Project("{FAE04EC0-301F-11D3-BF4B-00C04F79EFBC}") = "p06. 8 Queens Puzzle", "p06. 8 Queens Puzzle\p06. 8 Queens Puzzle.csproj", "{D55EC226-FF74-42A0-AC50-E2C6012D9425}"
EndProject
Project("{FAE04EC0-301F-11D3-BF4B-00C04F79EFBC}") = "p07. Paths in Labyrinth", "p07. Paths in Labyrinth\p07. Paths in Labyrinth.csproj", "{E74968CF-55C8-4DD2-B603-1A4A7BF306CF}"
EndProject
Global
	GlobalSection(SolutionConfigurationPlatforms) = preSolution
		Debug|Any CPU = Debug|Any CPU
		Release|Any CPU = Release|Any CPU
	EndGlobalSection
	GlobalSection(ProjectConfigurationPlatforms) = postSolution
		{8B1CD1F9-A6BA-4F93-BDB6-E74033ADFA1B}.Debug|Any CPU.ActiveCfg = Debug|Any CPU
		{8B1CD1F9-A6BA-4F93-BDB6-E74033ADFA1B}.Debug|Any CPU.Build.0 = Debug|Any CPU
		{8B1CD1F9-A6BA-4F93-BDB6-E74033ADFA1B}.Release|Any CPU.ActiveCfg = Release|Any CPU
		{8B1CD1F9-A6BA-4F93-BDB6-E74033ADFA1B}.Release|Any CPU.Build.0 = Release|Any CPU
		{715A2E11-4C6B-4B0A-B22B-DF8770E29CBC}.Debug|Any CPU.ActiveCfg = Debug|Any CPU
		{715A2E11-4C6B-4B0A-B22B-DF8770E29CBC}.Debug|Any CPU.Build.0 = Debug|Any CPU
		{715A2E11-4C6B-4B0A-B22B-DF8770E29CBC}.Release|Any CPU.ActiveCfg = Release|Any CPU
		{715A2E11-4C6B-4B0A-B22B-DF8770E29CBC}.Release|Any CPU.Build.0 = Release|Any CPU
		{9157D6EA-B70D-4A38-865D-65C892636B50}.Debug|Any CPU.ActiveCfg = Debug|Any CPU
		{9157D6EA-B70D-4A38-865D-65C892636B50}.Debug|Any CPU.Build.0 = Debug|Any CPU
		{9157D6EA-B70D-4A38-865D-65C892636B50}.Release|Any CPU.ActiveCfg = Release|Any CPU
		{9157D6EA-B70D-4A38-865D-65C892636B50}.Release|Any CPU.Build.0 = Release|Any CPU
		{8575ADB1-92EC-4486-B7F5-62B3C903758C}.Debug|Any CPU.ActiveCfg = Debug|Any CPU
		{8575ADB1-92EC-4486-B7F5-62B3C903758C}.Debug|Any CPU.Build.0 = Debug|Any CPU
		{8575ADB1-92EC-4486-B7F5-62B3C903758C}.Release|Any CPU.ActiveCfg = Release|Any CPU
		{8575ADB1-92EC-4486-B7F5-62B3C903758C}.Release|Any CPU.Build.0 = Release|Any CPU
		{21DB7973-00D2-4639-8A57-0807B498F6B9}.Debug|Any CPU.ActiveCfg = Debug|Any CPU
		{21DB7973-00D2-4639-8A57-0807B498F6B9}.Debug|Any CPU.Build.0 = Debug|Any CPU
		{21DB7973-00D2-4639-8A57-0807B498F6B9}.Release|Any CPU.ActiveCfg = Release|Any CPU
		{21DB7973-00D2-4639-8A57-0807B498F6B9}.Release|Any CPU.Build.0 = Release|Any CPU
		{D55EC226-FF74-42A0-AC50-E2C6012D9425}.Debug|Any CPU.ActiveCfg = Debug|Any CPU
		{D55EC226-FF74-42A0-AC50-E2C6012D9425}.Debug|Any CPU.Build.0 = Debug|Any CPU
		{D55EC226-FF74-42A0-AC50-E2C6012D9425}.Release|Any CPU.ActiveCfg = Release|Any CPU
		{D55EC226-FF74-42A0-AC50-E2C6012D9425}.Release|Any CPU.Build.0 = Release|Any CPU
		{E74968CF-55C8-4DD2-B603-1A4A7BF306CF}.Debug|Any CPU.ActiveCfg = Debug|Any CPU
		{E74968CF-55C8-4DD2-B603-1A4A7BF306CF}.Debug|Any CPU.Build.0 = Debug|Any CPU
		{E74968CF-55C8-4DD2-B603-1A4A7BF306CF}.Release|Any CPU.ActiveCfg = Release|Any CPU
		{E74968CF-55C8-4DD2-B603-1A4A7BF306CF}.Release|Any CPU.Build.0 = Release|Any CPU
	EndGlobalSection
	GlobalSection(SolutionProperties) = preSolution
		HideSolutionNode = FALSE
	EndGlobalSection
	GlobalSection(ExtensibilityGlobals) = postSolution
		SolutionGuid = {9A31131A-28A4-4E36-983D-BE952A8DEEE2}
	EndGlobalSection
EndGlobal
