
Microsoft Visual Studio Solution File, Format Version 12.00
# Visual Studio 15
VisualStudioVersion = 15.0.28010.2036
MinimumVisualStudioVersion = 10.0.40219.1
Project("{FAE04EC0-301F-11D3-BF4B-00C04F79EFBC}") = "p01. Binomial Coefficients", "Dynamic Programming Part I - Exercise\p01. Binomial Coefficients.csproj", "{AEA80542-8B0D-4153-96F0-B01B86AADFD4}"
EndProject
Project("{FAE04EC0-301F-11D3-BF4B-00C04F79EFBC}") = "p04. Sum with Unlimited Coins", "p04. Sum with Unlimited Coins\p04. Sum with Unlimited Coins.csproj", "{36BDAEBC-D9D0-476F-ABA3-1137DA2F0C14}"
EndProject
Global
	GlobalSection(SolutionConfigurationPlatforms) = preSolution
		Debug|Any CPU = Debug|Any CPU
		Release|Any CPU = Release|Any CPU
	EndGlobalSection
	GlobalSection(ProjectConfigurationPlatforms) = postSolution
		{AEA80542-8B0D-4153-96F0-B01B86AADFD4}.Debug|Any CPU.ActiveCfg = Debug|Any CPU
		{AEA80542-8B0D-4153-96F0-B01B86AADFD4}.Debug|Any CPU.Build.0 = Debug|Any CPU
		{AEA80542-8B0D-4153-96F0-B01B86AADFD4}.Release|Any CPU.ActiveCfg = Release|Any CPU
		{AEA80542-8B0D-4153-96F0-B01B86AADFD4}.Release|Any CPU.Build.0 = Release|Any CPU
		{36BDAEBC-D9D0-476F-ABA3-1137DA2F0C14}.Debug|Any CPU.ActiveCfg = Debug|Any CPU
		{36BDAEBC-D9D0-476F-ABA3-1137DA2F0C14}.Debug|Any CPU.Build.0 = Debug|Any CPU
		{36BDAEBC-D9D0-476F-ABA3-1137DA2F0C14}.Release|Any CPU.ActiveCfg = Release|Any CPU
		{36BDAEBC-D9D0-476F-ABA3-1137DA2F0C14}.Release|Any CPU.Build.0 = Release|Any CPU
	EndGlobalSection
	GlobalSection(SolutionProperties) = preSolution
		HideSolutionNode = FALSE
	EndGlobalSection
	GlobalSection(ExtensibilityGlobals) = postSolution
		SolutionGuid = {49FBCE7B-E92D-45D1-B5E8-4523FD5DB19D}
	EndGlobalSection
EndGlobal
