
Microsoft Visual Studio Solution File, Format Version 12.00
# Visual Studio 15
VisualStudioVersion = 15.0.28010.2036
MinimumVisualStudioVersion = 10.0.40219.1
Project("{FAE04EC0-301F-11D3-BF4B-00C04F79EFBC}") = "Basic Tree Data Structures", "Basic Tree Data Structures\Basic Tree Data Structures.csproj", "{AE35B29D-351A-4713-A2C5-99030E41BB84}"
EndProject
Global
	GlobalSection(SolutionConfigurationPlatforms) = preSolution
		Debug|Any CPU = Debug|Any CPU
		Release|Any CPU = Release|Any CPU
	EndGlobalSection
	GlobalSection(ProjectConfigurationPlatforms) = postSolution
		{AE35B29D-351A-4713-A2C5-99030E41BB84}.Debug|Any CPU.ActiveCfg = Debug|Any CPU
		{AE35B29D-351A-4713-A2C5-99030E41BB84}.Debug|Any CPU.Build.0 = Debug|Any CPU
		{AE35B29D-351A-4713-A2C5-99030E41BB84}.Release|Any CPU.ActiveCfg = Release|Any CPU
		{AE35B29D-351A-4713-A2C5-99030E41BB84}.Release|Any CPU.Build.0 = Release|Any CPU
	EndGlobalSection
	GlobalSection(SolutionProperties) = preSolution
		HideSolutionNode = FALSE
	EndGlobalSection
	GlobalSection(ExtensibilityGlobals) = postSolution
		SolutionGuid = {A59FA7DA-29AE-4A86-820A-E659A91E3E96}
	EndGlobalSection
EndGlobal
