
Microsoft Visual Studio Solution File, Format Version 12.00
# Visual Studio 15
VisualStudioVersion = 15.0.28010.2036
MinimumVisualStudioVersion = 10.0.40219.1
Project("{FAE04EC0-301F-11D3-BF4B-00C04F79EFBC}") = "Text Editor", "Text Editor\Text Editor.csproj", "{42EA8587-ECD1-4000-B3B7-B04C33D6C17B}"
EndProject
Global
	GlobalSection(SolutionConfigurationPlatforms) = preSolution
		Debug|Any CPU = Debug|Any CPU
		Release|Any CPU = Release|Any CPU
	EndGlobalSection
	GlobalSection(ProjectConfigurationPlatforms) = postSolution
		{42EA8587-ECD1-4000-B3B7-B04C33D6C17B}.Debug|Any CPU.ActiveCfg = Debug|Any CPU
		{42EA8587-ECD1-4000-B3B7-B04C33D6C17B}.Debug|Any CPU.Build.0 = Debug|Any CPU
		{42EA8587-ECD1-4000-B3B7-B04C33D6C17B}.Release|Any CPU.ActiveCfg = Release|Any CPU
		{42EA8587-ECD1-4000-B3B7-B04C33D6C17B}.Release|Any CPU.Build.0 = Release|Any CPU
	EndGlobalSection
	GlobalSection(SolutionProperties) = preSolution
		HideSolutionNode = FALSE
	EndGlobalSection
	GlobalSection(ExtensibilityGlobals) = postSolution
		SolutionGuid = {69239DAE-8FAB-4D23-BA6F-BEF668A616AE}
	EndGlobalSection
EndGlobal
