
Microsoft Visual Studio Solution File, Format Version 12.00
# Visual Studio 15
VisualStudioVersion = 15.0.28010.2036
MinimumVisualStudioVersion = 10.0.40219.1
Project("{FAE04EC0-301F-11D3-BF4B-00C04F79EFBC}") = "p01. Connecting Cables", "Dynamic Programming Part II - Exercise\p01. Connecting Cables.csproj", "{70FE2A13-8345-4BC1-941C-A235CC21C89C}"
EndProject
Global
	GlobalSection(SolutionConfigurationPlatforms) = preSolution
		Debug|Any CPU = Debug|Any CPU
		Release|Any CPU = Release|Any CPU
	EndGlobalSection
	GlobalSection(ProjectConfigurationPlatforms) = postSolution
		{70FE2A13-8345-4BC1-941C-A235CC21C89C}.Debug|Any CPU.ActiveCfg = Debug|Any CPU
		{70FE2A13-8345-4BC1-941C-A235CC21C89C}.Debug|Any CPU.Build.0 = Debug|Any CPU
		{70FE2A13-8345-4BC1-941C-A235CC21C89C}.Release|Any CPU.ActiveCfg = Release|Any CPU
		{70FE2A13-8345-4BC1-941C-A235CC21C89C}.Release|Any CPU.Build.0 = Release|Any CPU
	EndGlobalSection
	GlobalSection(SolutionProperties) = preSolution
		HideSolutionNode = FALSE
	EndGlobalSection
	GlobalSection(ExtensibilityGlobals) = postSolution
		SolutionGuid = {A7298812-E378-4363-8BDF-D35AEB6F3FFA}
	EndGlobalSection
EndGlobal
